
Microsoft Visual Studio Solution File, Format Version 12.00
# Visual Studio 15
VisualStudioVersion = 15.0.28307.645
MinimumVisualStudioVersion = 10.0.40219.1
Project("{FAE04EC0-301F-11D3-BF4B-00C04F79EFBC}") = "WebApplication1", "WebApplication1\WebApplication1.csproj", "{9E088D38-C130-47BC-A15B-440E5E0CAC7B}"
EndProject
Global
	GlobalSection(SolutionConfigurationPlatforms) = preSolution
		Debug|Any CPU = Debug|Any CPU
		Release|Any CPU = Release|Any CPU
	EndGlobalSection
	GlobalSection(ProjectConfigurationPlatforms) = postSolution
		{9E088D38-C130-47BC-A15B-440E5E0CAC7B}.Debug|Any CPU.ActiveCfg = Debug|Any CPU
		{9E088D38-C130-47BC-A15B-440E5E0CAC7B}.Debug|Any CPU.Build.0 = Debug|Any CPU
		{9E088D38-C130-47BC-A15B-440E5E0CAC7B}.Release|Any CPU.ActiveCfg = Release|Any CPU
		{9E088D38-C130-47BC-A15B-440E5E0CAC7B}.Release|Any CPU.Build.0 = Release|Any CPU
	EndGlobalSection
	GlobalSection(SolutionProperties) = preSolution
		HideSolutionNode = FALSE
	EndGlobalSection
	GlobalSection(ExtensibilityGlobals) = postSolution
		SolutionGuid = {8CDA1EC8-C9BA-49A7-B095-95F89A896FBC}
	EndGlobalSection
EndGlobal
